// !$*UTF8*$!
{
	archiveVersion = 1;
	classes = {
	};
	objectVersion = 56;
	objects = {

/* Begin PBXBuildFile section */
		78D84A0F2BAB2E8A00E26BA6 /* App420App.swift in Sources */ = {isa = PBXBuildFile; fileRef = 78D84A0E2BAB2E8A00E26BA6 /* App420App.swift */; };
		78D84A112BAB2E8A00E26BA6 /* ContentView.swift in Sources */ = {isa = PBXBuildFile; fileRef = 78D84A102BAB2E8A00E26BA6 /* ContentView.swift */; };
		78D84A132BAB2E8E00E26BA6 /* Assets.xcassets in Resources */ = {isa = PBXBuildFile; fileRef = 78D84A122BAB2E8E00E26BA6 /* Assets.xcassets */; };
		78D84A172BAB2E8E00E26BA6 /* Preview Assets.xcassets in Resources */ = {isa = PBXBuildFile; fileRef = 78D84A162BAB2E8E00E26BA6 /* Preview Assets.xcassets */; };
		78D84A272BAB2F1800E26BA6 /* LoadingView.swift in Sources */ = {isa = PBXBuildFile; fileRef = 78D84A262BAB2F1800E26BA6 /* LoadingView.swift */; };
		78D84A292BAB2F4D00E26BA6 /* Launch Screen.storyboard in Resources */ = {isa = PBXBuildFile; fileRef = 78D84A282BAB2F4D00E26BA6 /* Launch Screen.storyboard */; };
		78D84A2B2BAB2F5A00E26BA6 /* U1.swift in Sources */ = {isa = PBXBuildFile; fileRef = 78D84A2A2BAB2F5A00E26BA6 /* U1.swift */; };
		78D84A2D2BAB2F6400E26BA6 /* Reviews.swift in Sources */ = {isa = PBXBuildFile; fileRef = 78D84A2C2BAB2F6400E26BA6 /* Reviews.swift */; };
		78D84A2F2BAB2F6D00E26BA6 /* Not.swift in Sources */ = {isa = PBXBuildFile; fileRef = 78D84A2E2BAB2F6D00E26BA6 /* Not.swift */; };
		78D84A312BAB2F7200E26BA6 /* R1.swift in Sources */ = {isa = PBXBuildFile; fileRef = 78D84A302BAB2F7200E26BA6 /* R1.swift */; };
		78D84A332BAB2F7700E26BA6 /* R2.swift in Sources */ = {isa = PBXBuildFile; fileRef = 78D84A322BAB2F7700E26BA6 /* R2.swift */; };
		78D84A372BAB2F9300E26BA6 /* CoreDataStack.swift in Sources */ = {isa = PBXBuildFile; fileRef = 78D84A362BAB2F9300E26BA6 /* CoreDataStack.swift */; };
		78D84A392BAB2F9B00E26BA6 /* Array.swift in Sources */ = {isa = PBXBuildFile; fileRef = 78D84A382BAB2F9B00E26BA6 /* Array.swift */; };
		78D84A3E2BAB2FAF00E26BA6 /* TabBar.swift in Sources */ = {isa = PBXBuildFile; fileRef = 78D84A3D2BAB2FAF00E26BA6 /* TabBar.swift */; };
		78D84A412BAB2FD900E26BA6 /* DashboardView.swift in Sources */ = {isa = PBXBuildFile; fileRef = 78D84A402BAB2FD900E26BA6 /* DashboardView.swift */; };
		78D84A442BAB2FF100E26BA6 /* InventoryView.swift in Sources */ = {isa = PBXBuildFile; fileRef = 78D84A432BAB2FF100E26BA6 /* InventoryView.swift */; };
		78D84A472BAB300100E26BA6 /* SettingsView.swift in Sources */ = {isa = PBXBuildFile; fileRef = 78D84A462BAB300100E26BA6 /* SettingsView.swift */; };
		78D84A492BAB3C0300E26BA6 /* DashboardViewModel.swift in Sources */ = {isa = PBXBuildFile; fileRef = 78D84A482BAB3C0300E26BA6 /* DashboardViewModel.swift */; };
		78D84A4B2BAB400A00E26BA6 /* InventoryViewModel.swift in Sources */ = {isa = PBXBuildFile; fileRef = 78D84A4A2BAB400A00E26BA6 /* InventoryViewModel.swift */; };
		78D84A4E2BAB402300E26BA6 /* AddTransaction.swift in Sources */ = {isa = PBXBuildFile; fileRef = 78D84A4D2BAB402300E26BA6 /* AddTransaction.swift */; };
		78D84A532BAB41F400E26BA6 /* EditDash.swift in Sources */ = {isa = PBXBuildFile; fileRef = 78D84A522BAB41F400E26BA6 /* EditDash.swift */; };
		78D84A562BAB447700E26BA6 /* CurPairs.swift in Sources */ = {isa = PBXBuildFile; fileRef = 78D84A552BAB447700E26BA6 /* CurPairs.swift */; };
		78D84A592BAB448600E26BA6 /* ChartView.swift in Sources */ = {isa = PBXBuildFile; fileRef = 78D84A582BAB448600E26BA6 /* ChartView.swift */; };
		78D84A5C2BAB6A6900E26BA6 /* AddInventory.swift in Sources */ = {isa = PBXBuildFile; fileRef = 78D84A5B2BAB6A6900E26BA6 /* AddInventory.swift */; };
		78D84A5F2BAB780E00E26BA6 /* InvDetail.swift in Sources */ = {isa = PBXBuildFile; fileRef = 78D84A5E2BAB780E00E26BA6 /* InvDetail.swift */; };
		78D84A622BAC316C00E26BA6 /* InvenDetail.swift in Sources */ = {isa = PBXBuildFile; fileRef = 78D84A612BAC316C00E26BA6 /* InvenDetail.swift */; };
		F963A4A42BB4A9F200B87260 /* ext_d.swift in Sources */ = {isa = PBXBuildFile; fileRef = F963A4A32BB4A9F200B87260 /* ext_d.swift */; };
		F963A4A62BB4A9F500B87260 /* ext_s.swift in Sources */ = {isa = PBXBuildFile; fileRef = F963A4A52BB4A9F500B87260 /* ext_s.swift */; };
		F963A4A82BB4A9F800B87260 /* ext_w.swift in Sources */ = {isa = PBXBuildFile; fileRef = F963A4A72BB4A9F800B87260 /* ext_w.swift */; };
		F98519E32BB4A6EF00B8A4A3 /* ApphudSDK in Frameworks */ = {isa = PBXBuildFile; productRef = F98519E22BB4A6EF00B8A4A3 /* ApphudSDK */; };
		F98519E62BB4A6F500B8A4A3 /* YandexMobileMetrica in Frameworks */ = {isa = PBXBuildFile; productRef = F98519E52BB4A6F500B8A4A3 /* YandexMobileMetrica */; };
		F98519E82BB4A6F500B8A4A3 /* YandexMobileMetricaCrashes in Frameworks */ = {isa = PBXBuildFile; productRef = F98519E72BB4A6F500B8A4A3 /* YandexMobileMetricaCrashes */; };
		F98519EB2BB4A70000B8A4A3 /* OneSignalFramework in Frameworks */ = {isa = PBXBuildFile; productRef = F98519EA2BB4A70000B8A4A3 /* OneSignalFramework */; };
		F98519EE2BB4A71500B8A4A3 /* FirebaseRemoteConfigSwift in Frameworks */ = {isa = PBXBuildFile; productRef = F98519ED2BB4A71500B8A4A3 /* FirebaseRemoteConfigSwift */; };
		F98519F02BB4A84500B8A4A3 /* GoogleService-Info.plist in Resources */ = {isa = PBXBuildFile; fileRef = F98519EF2BB4A84500B8A4A3 /* GoogleService-Info.plist */; };
		F98519F32BB4A85100B8A4A3 /* CoreModel.xcdatamodeld in Sources */ = {isa = PBXBuildFile; fileRef = F98519F12BB4A85100B8A4A3 /* CoreModel.xcdatamodeld */; };
/* End PBXBuildFile section */

/* Begin PBXFileReference section */
		78D84A0B2BAB2E8A00E26BA6 /* App420.app */ = {isa = PBXFileReference; explicitFileType = wrapper.application; includeInIndex = 0; path = App420.app; sourceTree = BUILT_PRODUCTS_DIR; };
		78D84A0E2BAB2E8A00E26BA6 /* App420App.swift */ = {isa = PBXFileReference; lastKnownFileType = sourcecode.swift; path = App420App.swift; sourceTree = "<group>"; };
		78D84A102BAB2E8A00E26BA6 /* ContentView.swift */ = {isa = PBXFileReference; lastKnownFileType = sourcecode.swift; path = ContentView.swift; sourceTree = "<group>"; };
		78D84A122BAB2E8E00E26BA6 /* Assets.xcassets */ = {isa = PBXFileReference; lastKnownFileType = folder.assetcatalog; path = Assets.xcassets; sourceTree = "<group>"; };
		78D84A142BAB2E8E00E26BA6 /* App420.entitlements */ = {isa = PBXFileReference; lastKnownFileType = text.plist.entitlements; path = App420.entitlements; sourceTree = "<group>"; };
		78D84A162BAB2E8E00E26BA6 /* Preview Assets.xcassets */ = {isa = PBXFileReference; lastKnownFileType = folder.assetcatalog; path = "Preview Assets.xcassets"; sourceTree = "<group>"; };
		78D84A262BAB2F1800E26BA6 /* LoadingView.swift */ = {isa = PBXFileReference; lastKnownFileType = sourcecode.swift; path = LoadingView.swift; sourceTree = "<group>"; };
		78D84A282BAB2F4D00E26BA6 /* Launch Screen.storyboard */ = {isa = PBXFileReference; lastKnownFileType = file.storyboard; path = "Launch Screen.storyboard"; sourceTree = "<group>"; };
		78D84A2A2BAB2F5A00E26BA6 /* U1.swift */ = {isa = PBXFileReference; lastKnownFileType = sourcecode.swift; path = U1.swift; sourceTree = "<group>"; };
		78D84A2C2BAB2F6400E26BA6 /* Reviews.swift */ = {isa = PBXFileReference; lastKnownFileType = sourcecode.swift; path = Reviews.swift; sourceTree = "<group>"; };
		78D84A2E2BAB2F6D00E26BA6 /* Not.swift */ = {isa = PBXFileReference; lastKnownFileType = sourcecode.swift; path = Not.swift; sourceTree = "<group>"; };
		78D84A302BAB2F7200E26BA6 /* R1.swift */ = {isa = PBXFileReference; lastKnownFileType = sourcecode.swift; path = R1.swift; sourceTree = "<group>"; };
		78D84A322BAB2F7700E26BA6 /* R2.swift */ = {isa = PBXFileReference; lastKnownFileType = sourcecode.swift; path = R2.swift; sourceTree = "<group>"; };
		78D84A362BAB2F9300E26BA6 /* CoreDataStack.swift */ = {isa = PBXFileReference; lastKnownFileType = sourcecode.swift; path = CoreDataStack.swift; sourceTree = "<group>"; };
		78D84A382BAB2F9B00E26BA6 /* Array.swift */ = {isa = PBXFileReference; lastKnownFileType = sourcecode.swift; path = Array.swift; sourceTree = "<group>"; };
		78D84A3D2BAB2FAF00E26BA6 /* TabBar.swift */ = {isa = PBXFileReference; lastKnownFileType = sourcecode.swift; path = TabBar.swift; sourceTree = "<group>"; };
		78D84A402BAB2FD900E26BA6 /* DashboardView.swift */ = {isa = PBXFileReference; lastKnownFileType = sourcecode.swift; path = DashboardView.swift; sourceTree = "<group>"; };
		78D84A432BAB2FF100E26BA6 /* InventoryView.swift */ = {isa = PBXFileReference; lastKnownFileType = sourcecode.swift; path = InventoryView.swift; sourceTree = "<group>"; };
		78D84A462BAB300100E26BA6 /* SettingsView.swift */ = {isa = PBXFileReference; lastKnownFileType = sourcecode.swift; path = SettingsView.swift; sourceTree = "<group>"; };
		78D84A482BAB3C0300E26BA6 /* DashboardViewModel.swift */ = {isa = PBXFileReference; lastKnownFileType = sourcecode.swift; path = DashboardViewModel.swift; sourceTree = "<group>"; };
		78D84A4A2BAB400A00E26BA6 /* InventoryViewModel.swift */ = {isa = PBXFileReference; lastKnownFileType = sourcecode.swift; path = InventoryViewModel.swift; sourceTree = "<group>"; };
		78D84A4D2BAB402300E26BA6 /* AddTransaction.swift */ = {isa = PBXFileReference; lastKnownFileType = sourcecode.swift; path = AddTransaction.swift; sourceTree = "<group>"; };
		78D84A522BAB41F400E26BA6 /* EditDash.swift */ = {isa = PBXFileReference; lastKnownFileType = sourcecode.swift; path = EditDash.swift; sourceTree = "<group>"; };
		78D84A552BAB447700E26BA6 /* CurPairs.swift */ = {isa = PBXFileReference; lastKnownFileType = sourcecode.swift; path = CurPairs.swift; sourceTree = "<group>"; };
		78D84A582BAB448600E26BA6 /* ChartView.swift */ = {isa = PBXFileReference; lastKnownFileType = sourcecode.swift; path = ChartView.swift; sourceTree = "<group>"; };
		78D84A5B2BAB6A6900E26BA6 /* AddInventory.swift */ = {isa = PBXFileReference; lastKnownFileType = sourcecode.swift; path = AddInventory.swift; sourceTree = "<group>"; };
		78D84A5E2BAB780E00E26BA6 /* InvDetail.swift */ = {isa = PBXFileReference; lastKnownFileType = sourcecode.swift; path = InvDetail.swift; sourceTree = "<group>"; };
		78D84A612BAC316C00E26BA6 /* InvenDetail.swift */ = {isa = PBXFileReference; lastKnownFileType = sourcecode.swift; path = InvenDetail.swift; sourceTree = "<group>"; };
		F963A4A32BB4A9F200B87260 /* ext_d.swift */ = {isa = PBXFileReference; lastKnownFileType = sourcecode.swift; path = ext_d.swift; sourceTree = "<group>"; };
		F963A4A52BB4A9F500B87260 /* ext_s.swift */ = {isa = PBXFileReference; lastKnownFileType = sourcecode.swift; path = ext_s.swift; sourceTree = "<group>"; };
		F963A4A72BB4A9F800B87260 /* ext_w.swift */ = {isa = PBXFileReference; lastKnownFileType = sourcecode.swift; path = ext_w.swift; sourceTree = "<group>"; };
		F963A4A92BB4AA5A00B87260 /* Info.plist */ = {isa = PBXFileReference; lastKnownFileType = text.plist; path = Info.plist; sourceTree = "<group>"; };
		F98519EF2BB4A84500B8A4A3 /* GoogleService-Info.plist */ = {isa = PBXFileReference; fileEncoding = 4; lastKnownFileType = text.plist.xml; path = "GoogleService-Info.plist"; sourceTree = "<group>"; };
		F98519F22BB4A85100B8A4A3 /* CoreModel.xcdatamodel */ = {isa = PBXFileReference; lastKnownFileType = wrapper.xcdatamodel; path = CoreModel.xcdatamodel; sourceTree = "<group>"; };
/* End PBXFileReference section */

/* Begin PBXFrameworksBuildPhase section */
		78D84A082BAB2E8A00E26BA6 /* Frameworks */ = {
			isa = PBXFrameworksBuildPhase;
			buildActionMask = 2147483647;
			files = (
				F98519EB2BB4A70000B8A4A3 /* OneSignalFramework in Frameworks */,
				F98519E82BB4A6F500B8A4A3 /* YandexMobileMetricaCrashes in Frameworks */,
				F98519EE2BB4A71500B8A4A3 /* FirebaseRemoteConfigSwift in Frameworks */,
				F98519E32BB4A6EF00B8A4A3 /* ApphudSDK in Frameworks */,
				F98519E62BB4A6F500B8A4A3 /* YandexMobileMetrica in Frameworks */,
			);
			runOnlyForDeploymentPostprocessing = 0;
		};
/* End PBXFrameworksBuildPhase section */

/* Begin PBXGroup section */
		78D84A022BAB2E8A00E26BA6 = {
			isa = PBXGroup;
			children = (
				78D84A0D2BAB2E8A00E26BA6 /* App420 */,
				78D84A0C2BAB2E8A00E26BA6 /* Products */,
			);
			sourceTree = "<group>";
		};
		78D84A0C2BAB2E8A00E26BA6 /* Products */ = {
			isa = PBXGroup;
			children = (
				78D84A0B2BAB2E8A00E26BA6 /* App420.app */,
			);
			name = Products;
			sourceTree = "<group>";
		};
		78D84A0D2BAB2E8A00E26BA6 /* App420 */ = {
			isa = PBXGroup;
			children = (
				F963A4A92BB4AA5A00B87260 /* Info.plist */,
				F98519EF2BB4A84500B8A4A3 /* GoogleService-Info.plist */,
				78D84A1D2BAB2ED400E26BA6 /* Project */,
				78D84A0E2BAB2E8A00E26BA6 /* App420App.swift */,
				78D84A102BAB2E8A00E26BA6 /* ContentView.swift */,
				78D84A122BAB2E8E00E26BA6 /* Assets.xcassets */,
				78D84A142BAB2E8E00E26BA6 /* App420.entitlements */,
				78D84A152BAB2E8E00E26BA6 /* Preview Content */,
			);
			path = App420;
			sourceTree = "<group>";
		};
		78D84A152BAB2E8E00E26BA6 /* Preview Content */ = {
			isa = PBXGroup;
			children = (
				78D84A162BAB2E8E00E26BA6 /* Preview Assets.xcassets */,
			);
			path = "Preview Content";
			sourceTree = "<group>";
		};
		78D84A1D2BAB2ED400E26BA6 /* Project */ = {
			isa = PBXGroup;
			children = (
				78D84A212BAB2EF300E26BA6 /* Views */,
				78D84A202BAB2EED00E26BA6 /* TabBar */,
				78D84A1F2BAB2EE800E26BA6 /* Extensions */,
				78D84A1E2BAB2EDB00E26BA6 /* StartScreens */,
			);
			path = Project;
			sourceTree = "<group>";
		};
		78D84A1E2BAB2EDB00E26BA6 /* StartScreens */ = {
			isa = PBXGroup;
			children = (
				78D84A252BAB2F0C00E26BA6 /* Rev */,
				78D84A242BAB2F0700E26BA6 /* User */,
				78D84A232BAB2EFF00E26BA6 /* LaunchScreen */,
				78D84A222BAB2EF800E26BA6 /* LoadingView */,
			);
			path = StartScreens;
			sourceTree = "<group>";
		};
		78D84A1F2BAB2EE800E26BA6 /* Extensions */ = {
			isa = PBXGroup;
			children = (
				78D84A362BAB2F9300E26BA6 /* CoreDataStack.swift */,
				78D84A382BAB2F9B00E26BA6 /* Array.swift */,
				F98519F12BB4A85100B8A4A3 /* CoreModel.xcdatamodeld */,
				F963A4A32BB4A9F200B87260 /* ext_d.swift */,
				F963A4A52BB4A9F500B87260 /* ext_s.swift */,
				F963A4A72BB4A9F800B87260 /* ext_w.swift */,
			);
			path = Extensions;
			sourceTree = "<group>";
		};
		78D84A202BAB2EED00E26BA6 /* TabBar */ = {
			isa = PBXGroup;
			children = (
				78D84A3D2BAB2FAF00E26BA6 /* TabBar.swift */,
			);
			path = TabBar;
			sourceTree = "<group>";
		};
		78D84A212BAB2EF300E26BA6 /* Views */ = {
			isa = PBXGroup;
			children = (
				78D84A452BAB2FF900E26BA6 /* Settings */,
				78D84A422BAB2FE400E26BA6 /* Inventory */,
				78D84A3F2BAB2FB900E26BA6 /* DashBoard */,
			);
			path = Views;
			sourceTree = "<group>";
		};
		78D84A222BAB2EF800E26BA6 /* LoadingView */ = {
			isa = PBXGroup;
			children = (
				78D84A262BAB2F1800E26BA6 /* LoadingView.swift */,
			);
			path = LoadingView;
			sourceTree = "<group>";
		};
		78D84A232BAB2EFF00E26BA6 /* LaunchScreen */ = {
			isa = PBXGroup;
			children = (
				78D84A282BAB2F4D00E26BA6 /* Launch Screen.storyboard */,
			);
			path = LaunchScreen;
			sourceTree = "<group>";
		};
		78D84A242BAB2F0700E26BA6 /* User */ = {
			isa = PBXGroup;
			children = (
				78D84A2A2BAB2F5A00E26BA6 /* U1.swift */,
				78D84A2C2BAB2F6400E26BA6 /* Reviews.swift */,
				78D84A2E2BAB2F6D00E26BA6 /* Not.swift */,
			);
			path = User;
			sourceTree = "<group>";
		};
		78D84A252BAB2F0C00E26BA6 /* Rev */ = {
			isa = PBXGroup;
			children = (
				78D84A302BAB2F7200E26BA6 /* R1.swift */,
				78D84A322BAB2F7700E26BA6 /* R2.swift */,
			);
			path = Rev;
			sourceTree = "<group>";
		};
		78D84A3F2BAB2FB900E26BA6 /* DashBoard */ = {
			isa = PBXGroup;
			children = (
				78D84A602BAC315F00E26BA6 /* InvenDetail */,
				78D84A572BAB447A00E26BA6 /* Chart */,
				78D84A542BAB446A00E26BA6 /* CurPairs */,
				78D84A4F2BAB41D900E26BA6 /* EditDash */,
				78D84A4C2BAB401300E26BA6 /* AddTransaction */,
				78D84A402BAB2FD900E26BA6 /* DashboardView.swift */,
				78D84A482BAB3C0300E26BA6 /* DashboardViewModel.swift */,
			);
			path = DashBoard;
			sourceTree = "<group>";
		};
		78D84A422BAB2FE400E26BA6 /* Inventory */ = {
			isa = PBXGroup;
			children = (
				78D84A5D2BAB780200E26BA6 /* InvDetail */,
				78D84A5A2BAB6A5A00E26BA6 /* AddInventory */,
				78D84A432BAB2FF100E26BA6 /* InventoryView.swift */,
				78D84A4A2BAB400A00E26BA6 /* InventoryViewModel.swift */,
			);
			path = Inventory;
			sourceTree = "<group>";
		};
		78D84A452BAB2FF900E26BA6 /* Settings */ = {
			isa = PBXGroup;
			children = (
				78D84A462BAB300100E26BA6 /* SettingsView.swift */,
			);
			path = Settings;
			sourceTree = "<group>";
		};
		78D84A4C2BAB401300E26BA6 /* AddTransaction */ = {
			isa = PBXGroup;
			children = (
				78D84A4D2BAB402300E26BA6 /* AddTransaction.swift */,
			);
			path = AddTransaction;
			sourceTree = "<group>";
		};
		78D84A4F2BAB41D900E26BA6 /* EditDash */ = {
			isa = PBXGroup;
			children = (
				78D84A522BAB41F400E26BA6 /* EditDash.swift */,
			);
			path = EditDash;
			sourceTree = "<group>";
		};
		78D84A542BAB446A00E26BA6 /* CurPairs */ = {
			isa = PBXGroup;
			children = (
				78D84A552BAB447700E26BA6 /* CurPairs.swift */,
			);
			path = CurPairs;
			sourceTree = "<group>";
		};
		78D84A572BAB447A00E26BA6 /* Chart */ = {
			isa = PBXGroup;
			children = (
				78D84A582BAB448600E26BA6 /* ChartView.swift */,
			);
			path = Chart;
			sourceTree = "<group>";
		};
		78D84A5A2BAB6A5A00E26BA6 /* AddInventory */ = {
			isa = PBXGroup;
			children = (
				78D84A5B2BAB6A6900E26BA6 /* AddInventory.swift */,
			);
			path = AddInventory;
			sourceTree = "<group>";
		};
		78D84A5D2BAB780200E26BA6 /* InvDetail */ = {
			isa = PBXGroup;
			children = (
				78D84A5E2BAB780E00E26BA6 /* InvDetail.swift */,
			);
			path = InvDetail;
			sourceTree = "<group>";
		};
		78D84A602BAC315F00E26BA6 /* InvenDetail */ = {
			isa = PBXGroup;
			children = (
				78D84A612BAC316C00E26BA6 /* InvenDetail.swift */,
			);
			path = InvenDetail;
			sourceTree = "<group>";
		};
/* End PBXGroup section */

/* Begin PBXNativeTarget section */
		78D84A0A2BAB2E8A00E26BA6 /* App420 */ = {
			isa = PBXNativeTarget;
			buildConfigurationList = 78D84A1A2BAB2E8E00E26BA6 /* Build configuration list for PBXNativeTarget "App420" */;
			buildPhases = (
				78D84A072BAB2E8A00E26BA6 /* Sources */,
				78D84A082BAB2E8A00E26BA6 /* Frameworks */,
				78D84A092BAB2E8A00E26BA6 /* Resources */,
			);
			buildRules = (
			);
			dependencies = (
			);
			name = App420;
			packageProductDependencies = (
				F98519E22BB4A6EF00B8A4A3 /* ApphudSDK */,
				F98519E52BB4A6F500B8A4A3 /* YandexMobileMetrica */,
				F98519E72BB4A6F500B8A4A3 /* YandexMobileMetricaCrashes */,
				F98519EA2BB4A70000B8A4A3 /* OneSignalFramework */,
				F98519ED2BB4A71500B8A4A3 /* FirebaseRemoteConfigSwift */,
			);
			productName = App420;
			productReference = 78D84A0B2BAB2E8A00E26BA6 /* App420.app */;
			productType = "com.apple.product-type.application";
		};
/* End PBXNativeTarget section */

/* Begin PBXProject section */
		78D84A032BAB2E8A00E26BA6 /* Project object */ = {
			isa = PBXProject;
			attributes = {
				BuildIndependentTargetsInParallel = 1;
				LastSwiftUpdateCheck = 1530;
				LastUpgradeCheck = 1530;
				TargetAttributes = {
					78D84A0A2BAB2E8A00E26BA6 = {
						CreatedOnToolsVersion = 15.3;
					};
				};
			};
			buildConfigurationList = 78D84A062BAB2E8A00E26BA6 /* Build configuration list for PBXProject "App420" */;
			compatibilityVersion = "Xcode 14.0";
			developmentRegion = en;
			hasScannedForEncodings = 0;
			knownRegions = (
				en,
				Base,
			);
			mainGroup = 78D84A022BAB2E8A00E26BA6;
			packageReferences = (
				F98519E12BB4A6EF00B8A4A3 /* XCRemoteSwiftPackageReference "ApphudSDK" */,
				F98519E42BB4A6F500B8A4A3 /* XCRemoteSwiftPackageReference "metrica-sdk-ios" */,
				F98519E92BB4A70000B8A4A3 /* XCRemoteSwiftPackageReference "OneSignal-iOS-SDK" */,
				F98519EC2BB4A71500B8A4A3 /* XCRemoteSwiftPackageReference "firebase-ios-sdk" */,
			);
			productRefGroup = 78D84A0C2BAB2E8A00E26BA6 /* Products */;
			projectDirPath = "";
			projectRoot = "";
			targets = (
				78D84A0A2BAB2E8A00E26BA6 /* App420 */,
			);
		};
/* End PBXProject section */

/* Begin PBXResourcesBuildPhase section */
		78D84A092BAB2E8A00E26BA6 /* Resources */ = {
			isa = PBXResourcesBuildPhase;
			buildActionMask = 2147483647;
			files = (
				78D84A292BAB2F4D00E26BA6 /* Launch Screen.storyboard in Resources */,
				F98519F02BB4A84500B8A4A3 /* GoogleService-Info.plist in Resources */,
				78D84A172BAB2E8E00E26BA6 /* Preview Assets.xcassets in Resources */,
				78D84A132BAB2E8E00E26BA6 /* Assets.xcassets in Resources */,
			);
			runOnlyForDeploymentPostprocessing = 0;
		};
/* End PBXResourcesBuildPhase section */

/* Begin PBXSourcesBuildPhase section */
		78D84A072BAB2E8A00E26BA6 /* Sources */ = {
			isa = PBXSourcesBuildPhase;
			buildActionMask = 2147483647;
			files = (
				78D84A312BAB2F7200E26BA6 /* R1.swift in Sources */,
				78D84A4B2BAB400A00E26BA6 /* InventoryViewModel.swift in Sources */,
				78D84A5F2BAB780E00E26BA6 /* InvDetail.swift in Sources */,
				78D84A562BAB447700E26BA6 /* CurPairs.swift in Sources */,
				78D84A112BAB2E8A00E26BA6 /* ContentView.swift in Sources */,
				78D84A532BAB41F400E26BA6 /* EditDash.swift in Sources */,
				78D84A622BAC316C00E26BA6 /* InvenDetail.swift in Sources */,
				78D84A4E2BAB402300E26BA6 /* AddTransaction.swift in Sources */,
				F963A4A82BB4A9F800B87260 /* ext_w.swift in Sources */,
				78D84A592BAB448600E26BA6 /* ChartView.swift in Sources */,
				F98519F32BB4A85100B8A4A3 /* CoreModel.xcdatamodeld in Sources */,
				78D84A412BAB2FD900E26BA6 /* DashboardView.swift in Sources */,
				78D84A2F2BAB2F6D00E26BA6 /* Not.swift in Sources */,
				78D84A442BAB2FF100E26BA6 /* InventoryView.swift in Sources */,
				78D84A2D2BAB2F6400E26BA6 /* Reviews.swift in Sources */,
				78D84A492BAB3C0300E26BA6 /* DashboardViewModel.swift in Sources */,
				78D84A372BAB2F9300E26BA6 /* CoreDataStack.swift in Sources */,
				78D84A472BAB300100E26BA6 /* SettingsView.swift in Sources */,
				78D84A392BAB2F9B00E26BA6 /* Array.swift in Sources */,
				F963A4A62BB4A9F500B87260 /* ext_s.swift in Sources */,
				78D84A2B2BAB2F5A00E26BA6 /* U1.swift in Sources */,
				F963A4A42BB4A9F200B87260 /* ext_d.swift in Sources */,
				78D84A3E2BAB2FAF00E26BA6 /* TabBar.swift in Sources */,
				78D84A0F2BAB2E8A00E26BA6 /* App420App.swift in Sources */,
				78D84A5C2BAB6A6900E26BA6 /* AddInventory.swift in Sources */,
				78D84A272BAB2F1800E26BA6 /* LoadingView.swift in Sources */,
				78D84A332BAB2F7700E26BA6 /* R2.swift in Sources */,
			);
			runOnlyForDeploymentPostprocessing = 0;
		};
/* End PBXSourcesBuildPhase section */

/* Begin XCBuildConfiguration section */
		78D84A182BAB2E8E00E26BA6 /* Debug */ = {
			isa = XCBuildConfiguration;
			buildSettings = {
				ALWAYS_SEARCH_USER_PATHS = NO;
				ASSETCATALOG_COMPILER_GENERATE_SWIFT_ASSET_SYMBOL_EXTENSIONS = YES;
				CLANG_ANALYZER_NONNULL = YES;
				CLANG_ANALYZER_NUMBER_OBJECT_CONVERSION = YES_AGGRESSIVE;
				CLANG_CXX_LANGUAGE_STANDARD = "gnu++20";
				CLANG_ENABLE_MODULES = YES;
				CLANG_ENABLE_OBJC_ARC = YES;
				CLANG_ENABLE_OBJC_WEAK = YES;
				CLANG_WARN_BLOCK_CAPTURE_AUTORELEASING = YES;
				CLANG_WARN_BOOL_CONVERSION = YES;
				CLANG_WARN_COMMA = YES;
				CLANG_WARN_CONSTANT_CONVERSION = YES;
				CLANG_WARN_DEPRECATED_OBJC_IMPLEMENTATIONS = YES;
				CLANG_WARN_DIRECT_OBJC_ISA_USAGE = YES_ERROR;
				CLANG_WARN_DOCUMENTATION_COMMENTS = YES;
				CLANG_WARN_EMPTY_BODY = YES;
				CLANG_WARN_ENUM_CONVERSION = YES;
				CLANG_WARN_INFINITE_RECURSION = YES;
				CLANG_WARN_INT_CONVERSION = YES;
				CLANG_WARN_NON_LITERAL_NULL_CONVERSION = YES;
				CLANG_WARN_OBJC_IMPLICIT_RETAIN_SELF = YES;
				CLANG_WARN_OBJC_LITERAL_CONVERSION = YES;
				CLANG_WARN_OBJC_ROOT_CLASS = YES_ERROR;
				CLANG_WARN_QUOTED_INCLUDE_IN_FRAMEWORK_HEADER = YES;
				CLANG_WARN_RANGE_LOOP_ANALYSIS = YES;
				CLANG_WARN_STRICT_PROTOTYPES = YES;
				CLANG_WARN_SUSPICIOUS_MOVE = YES;
				CLANG_WARN_UNGUARDED_AVAILABILITY = YES_AGGRESSIVE;
				CLANG_WARN_UNREACHABLE_CODE = YES;
				CLANG_WARN__DUPLICATE_METHOD_MATCH = YES;
				COPY_PHASE_STRIP = NO;
				DEBUG_INFORMATION_FORMAT = dwarf;
				ENABLE_STRICT_OBJC_MSGSEND = YES;
				ENABLE_TESTABILITY = YES;
				ENABLE_USER_SCRIPT_SANDBOXING = YES;
				GCC_C_LANGUAGE_STANDARD = gnu17;
				GCC_DYNAMIC_NO_PIC = NO;
				GCC_NO_COMMON_BLOCKS = YES;
				GCC_OPTIMIZATION_LEVEL = fast;
				GCC_PREPROCESSOR_DEFINITIONS = (
					"DEBUG=1",
					"$(inherited)",
				);
				GCC_WARN_64_TO_32_BIT_CONVERSION = YES;
				GCC_WARN_ABOUT_RETURN_TYPE = YES_ERROR;
				GCC_WARN_UNDECLARED_SELECTOR = YES;
				GCC_WARN_UNINITIALIZED_AUTOS = YES_AGGRESSIVE;
				GCC_WARN_UNUSED_FUNCTION = YES;
				GCC_WARN_UNUSED_VARIABLE = YES;
				LOCALIZATION_PREFERS_STRING_CATALOGS = YES;
				MTL_ENABLE_DEBUG_INFO = INCLUDE_SOURCE;
				MTL_FAST_MATH = YES;
				ONLY_ACTIVE_ARCH = YES;
				SWIFT_ACTIVE_COMPILATION_CONDITIONS = "DEBUG $(inherited)";
				SWIFT_OPTIMIZATION_LEVEL = "-Onone";
			};
			name = Debug;
		};
		78D84A192BAB2E8E00E26BA6 /* Release */ = {
			isa = XCBuildConfiguration;
			buildSettings = {
				ALWAYS_SEARCH_USER_PATHS = NO;
				ASSETCATALOG_COMPILER_GENERATE_SWIFT_ASSET_SYMBOL_EXTENSIONS = YES;
				CLANG_ANALYZER_NONNULL = YES;
				CLANG_ANALYZER_NUMBER_OBJECT_CONVERSION = YES_AGGRESSIVE;
				CLANG_CXX_LANGUAGE_STANDARD = "gnu++20";
				CLANG_ENABLE_MODULES = YES;
				CLANG_ENABLE_OBJC_ARC = YES;
				CLANG_ENABLE_OBJC_WEAK = YES;
				CLANG_WARN_BLOCK_CAPTURE_AUTORELEASING = YES;
				CLANG_WARN_BOOL_CONVERSION = YES;
				CLANG_WARN_COMMA = YES;
				CLANG_WARN_CONSTANT_CONVERSION = YES;
				CLANG_WARN_DEPRECATED_OBJC_IMPLEMENTATIONS = YES;
				CLANG_WARN_DIRECT_OBJC_ISA_USAGE = YES_ERROR;
				CLANG_WARN_DOCUMENTATION_COMMENTS = YES;
				CLANG_WARN_EMPTY_BODY = YES;
				CLANG_WARN_ENUM_CONVERSION = YES;
				CLANG_WARN_INFINITE_RECURSION = YES;
				CLANG_WARN_INT_CONVERSION = YES;
				CLANG_WARN_NON_LITERAL_NULL_CONVERSION = YES;
				CLANG_WARN_OBJC_IMPLICIT_RETAIN_SELF = YES;
				CLANG_WARN_OBJC_LITERAL_CONVERSION = YES;
				CLANG_WARN_OBJC_ROOT_CLASS = YES_ERROR;
				CLANG_WARN_QUOTED_INCLUDE_IN_FRAMEWORK_HEADER = YES;
				CLANG_WARN_RANGE_LOOP_ANALYSIS = YES;
				CLANG_WARN_STRICT_PROTOTYPES = YES;
				CLANG_WARN_SUSPICIOUS_MOVE = YES;
				CLANG_WARN_UNGUARDED_AVAILABILITY = YES_AGGRESSIVE;
				CLANG_WARN_UNREACHABLE_CODE = YES;
				CLANG_WARN__DUPLICATE_METHOD_MATCH = YES;
				COPY_PHASE_STRIP = NO;
				DEBUG_INFORMATION_FORMAT = "dwarf-with-dsym";
				ENABLE_NS_ASSERTIONS = NO;
				ENABLE_STRICT_OBJC_MSGSEND = YES;
				ENABLE_USER_SCRIPT_SANDBOXING = YES;
				GCC_C_LANGUAGE_STANDARD = gnu17;
				GCC_NO_COMMON_BLOCKS = YES;
				GCC_OPTIMIZATION_LEVEL = fast;
				GCC_WARN_64_TO_32_BIT_CONVERSION = YES;
				GCC_WARN_ABOUT_RETURN_TYPE = YES_ERROR;
				GCC_WARN_UNDECLARED_SELECTOR = YES;
				GCC_WARN_UNINITIALIZED_AUTOS = YES_AGGRESSIVE;
				GCC_WARN_UNUSED_FUNCTION = YES;
				GCC_WARN_UNUSED_VARIABLE = YES;
				LOCALIZATION_PREFERS_STRING_CATALOGS = YES;
				MTL_ENABLE_DEBUG_INFO = NO;
				MTL_FAST_MATH = YES;
				SWIFT_COMPILATION_MODE = wholemodule;
			};
			name = Release;
		};
		78D84A1B2BAB2E8E00E26BA6 /* Debug */ = {
			isa = XCBuildConfiguration;
			buildSettings = {
				ASSETCATALOG_COMPILER_APPICON_NAME = AppIcon;
				ASSETCATALOG_COMPILER_GLOBAL_ACCENT_COLOR_NAME = AccentColor;
				CODE_SIGN_ENTITLEMENTS = App420/App420.entitlements;
				CODE_SIGN_STYLE = Automatic;
				CURRENT_PROJECT_VERSION = 2;
				DEVELOPMENT_ASSET_PATHS = "\"App420/Preview Content\"";
				ENABLE_PREVIEWS = YES;
				GENERATE_INFOPLIST_FILE = YES;
				INFOPLIST_FILE = App420/Info.plist;
				INFOPLIST_KEY_CFBundleDisplayName = QTrade;
				"INFOPLIST_KEY_UIApplicationSceneManifest_Generation[sdk=iphoneos*]" = YES;
				"INFOPLIST_KEY_UIApplicationSceneManifest_Generation[sdk=iphonesimulator*]" = YES;
				"INFOPLIST_KEY_UIApplicationSupportsIndirectInputEvents[sdk=iphoneos*]" = YES;
				"INFOPLIST_KEY_UIApplicationSupportsIndirectInputEvents[sdk=iphonesimulator*]" = YES;
				"INFOPLIST_KEY_UILaunchScreen_Generation[sdk=iphoneos*]" = YES;
				"INFOPLIST_KEY_UILaunchScreen_Generation[sdk=iphonesimulator*]" = YES;
				INFOPLIST_KEY_UILaunchStoryboardName = "Launch Screen.storyboard";
				"INFOPLIST_KEY_UIStatusBarStyle[sdk=iphoneos*]" = UIStatusBarStyleDefault;
				"INFOPLIST_KEY_UIStatusBarStyle[sdk=iphonesimulator*]" = UIStatusBarStyleDefault;
				INFOPLIST_KEY_UISupportedInterfaceOrientations = UIInterfaceOrientationPortrait;
				INFOPLIST_KEY_UISupportedInterfaceOrientations_iPad = "UIInterfaceOrientationLandscapeLeft UIInterfaceOrientationLandscapeRight UIInterfaceOrientationPortrait UIInterfaceOrientationPortraitUpsideDown";
				IPHONEOS_DEPLOYMENT_TARGET = 14.0;
				LD_RUNPATH_SEARCH_PATHS = "@executable_path/Frameworks";
				"LD_RUNPATH_SEARCH_PATHS[sdk=macosx*]" = "@executable_path/../Frameworks";
				MACOSX_DEPLOYMENT_TARGET = 14.1;
				MARKETING_VERSION = 1.1;
				PRODUCT_BUNDLE_IDENTIFIER = IOI.App420;
				PRODUCT_NAME = "$(TARGET_NAME)";
				SDKROOT = auto;
				SUPPORTED_PLATFORMS = "iphoneos iphonesimulator";
				SUPPORTS_MACCATALYST = NO;
				SWIFT_EMIT_LOC_STRINGS = YES;
				SWIFT_VERSION = 5.0;
				TARGETED_DEVICE_FAMILY = 1;
			};
			name = Debug;
		};
		78D84A1C2BAB2E8E00E26BA6 /* Release */ = {
			isa = XCBuildConfiguration;
			buildSettings = {
				ASSETCATALOG_COMPILER_APPICON_NAME = AppIcon;
				ASSETCATALOG_COMPILER_GLOBAL_ACCENT_COLOR_NAME = AccentColor;
				CODE_SIGN_ENTITLEMENTS = App420/App420.entitlements;
				CODE_SIGN_STYLE = Automatic;
				CURRENT_PROJECT_VERSION = 2;
				DEVELOPMENT_ASSET_PATHS = "\"App420/Preview Content\"";
				ENABLE_PREVIEWS = YES;
				GENERATE_INFOPLIST_FILE = YES;
				INFOPLIST_FILE = App420/Info.plist;
				INFOPLIST_KEY_CFBundleDisplayName = QTrade;
				"INFOPLIST_KEY_UIApplicationSceneManifest_Generation[sdk=iphoneos*]" = YES;
				"INFOPLIST_KEY_UIApplicationSceneManifest_Generation[sdk=iphonesimulator*]" = YES;
				"INFOPLIST_KEY_UIApplicationSupportsIndirectInputEvents[sdk=iphoneos*]" = YES;
				"INFOPLIST_KEY_UIApplicationSupportsIndirectInputEvents[sdk=iphonesimulator*]" = YES;
				"INFOPLIST_KEY_UILaunchScreen_Generation[sdk=iphoneos*]" = YES;
				"INFOPLIST_KEY_UILaunchScreen_Generation[sdk=iphonesimulator*]" = YES;
				INFOPLIST_KEY_UILaunchStoryboardName = "Launch Screen.storyboard";
				"INFOPLIST_KEY_UIStatusBarStyle[sdk=iphoneos*]" = UIStatusBarStyleDefault;
				"INFOPLIST_KEY_UIStatusBarStyle[sdk=iphonesimulator*]" = UIStatusBarStyleDefault;
				INFOPLIST_KEY_UISupportedInterfaceOrientations = UIInterfaceOrientationPortrait;
				INFOPLIST_KEY_UISupportedInterfaceOrientations_iPad = "UIInterfaceOrientationLandscapeLeft UIInterfaceOrientationLandscapeRight UIInterfaceOrientationPortrait UIInterfaceOrientationPortraitUpsideDown";
				IPHONEOS_DEPLOYMENT_TARGET = 14.0;
				LD_RUNPATH_SEARCH_PATHS = "@executable_path/Frameworks";
				"LD_RUNPATH_SEARCH_PATHS[sdk=macosx*]" = "@executable_path/../Frameworks";
				MACOSX_DEPLOYMENT_TARGET = 14.1;
				MARKETING_VERSION = 1.1;
				PRODUCT_BUNDLE_IDENTIFIER = IOI.App420;
				PRODUCT_NAME = "$(TARGET_NAME)";
				SDKROOT = auto;
				SUPPORTED_PLATFORMS = "iphoneos iphonesimulator";
				SUPPORTS_MACCATALYST = NO;
				SWIFT_EMIT_LOC_STRINGS = YES;
				SWIFT_VERSION = 5.0;
				TARGETED_DEVICE_FAMILY = 1;
			};
			name = Release;
		};
/* End XCBuildConfiguration section */

/* Begin XCConfigurationList section */
		78D84A062BAB2E8A00E26BA6 /* Build configuration list for PBXProject "App420" */ = {
			isa = XCConfigurationList;
			buildConfigurations = (
				78D84A182BAB2E8E00E26BA6 /* Debug */,
				78D84A192BAB2E8E00E26BA6 /* Release */,
			);
			defaultConfigurationIsVisible = 0;
			defaultConfigurationName = Release;
		};
		78D84A1A2BAB2E8E00E26BA6 /* Build configuration list for PBXNativeTarget "App420" */ = {
			isa = XCConfigurationList;
			buildConfigurations = (
				78D84A1B2BAB2E8E00E26BA6 /* Debug */,
				78D84A1C2BAB2E8E00E26BA6 /* Release */,
			);
			defaultConfigurationIsVisible = 0;
			defaultConfigurationName = Release;
		};
/* End XCConfigurationList section */

/* Begin XCRemoteSwiftPackageReference section */
		F98519E12BB4A6EF00B8A4A3 /* XCRemoteSwiftPackageReference "ApphudSDK" */ = {
			isa = XCRemoteSwiftPackageReference;
			repositoryURL = "https://github.com/apphud/ApphudSDK";
			requirement = {
				kind = upToNextMajorVersion;
				minimumVersion = 3.2.8;
			};
		};
		F98519E42BB4A6F500B8A4A3 /* XCRemoteSwiftPackageReference "metrica-sdk-ios" */ = {
			isa = XCRemoteSwiftPackageReference;
			repositoryURL = "https://github.com/yandexmobile/metrica-sdk-ios";
			requirement = {
				kind = upToNextMajorVersion;
				minimumVersion = 4.5.2;
			};
		};
		F98519E92BB4A70000B8A4A3 /* XCRemoteSwiftPackageReference "OneSignal-iOS-SDK" */ = {
			isa = XCRemoteSwiftPackageReference;
			repositoryURL = "https://github.com/OneSignal/OneSignal-iOS-SDK.git";
			requirement = {
				kind = upToNextMajorVersion;
				minimumVersion = 5.1.3;
			};
		};
		F98519EC2BB4A71500B8A4A3 /* XCRemoteSwiftPackageReference "firebase-ios-sdk" */ = {
			isa = XCRemoteSwiftPackageReference;
			repositoryURL = "https://github.com/firebase/firebase-ios-sdk.git";
			requirement = {
				kind = upToNextMajorVersion;
				minimumVersion = 10.23.0;
			};
		};
/* End XCRemoteSwiftPackageReference section */

/* Begin XCSwiftPackageProductDependency section */
		F98519E22BB4A6EF00B8A4A3 /* ApphudSDK */ = {
			isa = XCSwiftPackageProductDependency;
			package = F98519E12BB4A6EF00B8A4A3 /* XCRemoteSwiftPackageReference "ApphudSDK" */;
			productName = ApphudSDK;
		};
		F98519E52BB4A6F500B8A4A3 /* YandexMobileMetrica */ = {
			isa = XCSwiftPackageProductDependency;
			package = F98519E42BB4A6F500B8A4A3 /* XCRemoteSwiftPackageReference "metrica-sdk-ios" */;
			productName = YandexMobileMetrica;
		};
		F98519E72BB4A6F500B8A4A3 /* YandexMobileMetricaCrashes */ = {
			isa = XCSwiftPackageProductDependency;
			package = F98519E42BB4A6F500B8A4A3 /* XCRemoteSwiftPackageReference "metrica-sdk-ios" */;
			productName = YandexMobileMetricaCrashes;
		};
		F98519EA2BB4A70000B8A4A3 /* OneSignalFramework */ = {
			isa = XCSwiftPackageProductDependency;
			package = F98519E92BB4A70000B8A4A3 /* XCRemoteSwiftPackageReference "OneSignal-iOS-SDK" */;
			productName = OneSignalFramework;
		};
		F98519ED2BB4A71500B8A4A3 /* FirebaseRemoteConfigSwift */ = {
			isa = XCSwiftPackageProductDependency;
			package = F98519EC2BB4A71500B8A4A3 /* XCRemoteSwiftPackageReference "firebase-ios-sdk" */;
			productName = FirebaseRemoteConfigSwift;
		};
/* End XCSwiftPackageProductDependency section */

/* Begin XCVersionGroup section */
		F98519F12BB4A85100B8A4A3 /* CoreModel.xcdatamodeld */ = {
			isa = XCVersionGroup;
			children = (
				F98519F22BB4A85100B8A4A3 /* CoreModel.xcdatamodel */,
			);
			currentVersion = F98519F22BB4A85100B8A4A3 /* CoreModel.xcdatamodel */;
			name = CoreModel.xcdatamodeld;
			path = /Users/slava/Desktop/App420/App420/Project/Extensions/CoreModel.xcdatamodeld;
			sourceTree = "<group>";
			versionGroupType = wrapper.xcdatamodel;
		};
/* End XCVersionGroup section */
	};
	rootObject = 78D84A032BAB2E8A00E26BA6 /* Project object */;
}
